
Microsoft Visual Studio Solution File, Format Version 12.00
# Visual Studio Version 16
VisualStudioVersion = 16.0.30907.101
MinimumVisualStudioVersion = 10.0.40219.1
Project("{9A19103F-16F7-4668-BE54-9A1E7A4F7556}") = "Formacion.Azure.Functions", "Formacion.Azure.Functions\Formacion.Azure.Functions.csproj", "{104DD745-2ADB-4179-9B61-13CB91562596}"
EndProject
Project("{9A19103F-16F7-4668-BE54-9A1E7A4F7556}") = "Formacion.Web.App", "Formacion.Web.App\Formacion.Web.App.csproj", "{6977B1AD-5FAF-4E21-83C7-14FC498CBA06}"
EndProject
Global
	GlobalSection(SolutionConfigurationPlatforms) = preSolution
		Debug|Any CPU = Debug|Any CPU
		Release|Any CPU = Release|Any CPU
	EndGlobalSection
	GlobalSection(ProjectConfigurationPlatforms) = postSolution
		{104DD745-2ADB-4179-9B61-13CB91562596}.Debug|Any CPU.ActiveCfg = Debug|Any CPU
		{104DD745-2ADB-4179-9B61-13CB91562596}.Debug|Any CPU.Build.0 = Debug|Any CPU
		{104DD745-2ADB-4179-9B61-13CB91562596}.Release|Any CPU.ActiveCfg = Release|Any CPU
		{104DD745-2ADB-4179-9B61-13CB91562596}.Release|Any CPU.Build.0 = Release|Any CPU
		{6977B1AD-5FAF-4E21-83C7-14FC498CBA06}.Debug|Any CPU.ActiveCfg = Debug|Any CPU
		{6977B1AD-5FAF-4E21-83C7-14FC498CBA06}.Debug|Any CPU.Build.0 = Debug|Any CPU
		{6977B1AD-5FAF-4E21-83C7-14FC498CBA06}.Release|Any CPU.ActiveCfg = Release|Any CPU
		{6977B1AD-5FAF-4E21-83C7-14FC498CBA06}.Release|Any CPU.Build.0 = Release|Any CPU
	EndGlobalSection
	GlobalSection(SolutionProperties) = preSolution
		HideSolutionNode = FALSE
	EndGlobalSection
	GlobalSection(ExtensibilityGlobals) = postSolution
		SolutionGuid = {BCB752B2-6693-4018-BABD-BB6DC6BCD6A0}
	EndGlobalSection
EndGlobal
